// !$*UTF8*$!
{
	archiveVersion = 1;
	classes = {
	};
	objectVersion = 46;
	objects = {

/* Begin PBXBuildFile section */
		C9282A871BA8787900004863 /* main.m in Sources */ = {isa = PBXBuildFile; fileRef = C9282A861BA8787900004863 /* main.m */; };
		C9282A8A1BA8787900004863 /* AppDelegate.m in Sources */ = {isa = PBXBuildFile; fileRef = C9282A891BA8787900004863 /* AppDelegate.m */; };
		C9282A901BA8787900004863 /* Main.storyboard in Resources */ = {isa = PBXBuildFile; fileRef = C9282A8E1BA8787900004863 /* Main.storyboard */; };
		C9282A921BA8787900004863 /* Assets.xcassets in Resources */ = {isa = PBXBuildFile; fileRef = C9282A911BA8787900004863 /* Assets.xcassets */; };
		C9282A951BA8787900004863 /* LaunchScreen.storyboard in Resources */ = {isa = PBXBuildFile; fileRef = C9282A931BA8787900004863 /* LaunchScreen.storyboard */; };
		C9282A9E1BA879CB00004863 /* XWMainViewController.m in Sources */ = {isa = PBXBuildFile; fileRef = C9282A9D1BA879CB00004863 /* XWMainViewController.m */; };
		C9282AA11BA87A3100004863 /* XWToplineViewController.m in Sources */ = {isa = PBXBuildFile; fileRef = C9282AA01BA87A3100004863 /* XWToplineViewController.m */; };
		C9282AA41BA87A5A00004863 /* XWCurrentViewController.m in Sources */ = {isa = PBXBuildFile; fileRef = C9282AA31BA87A5A00004863 /* XWCurrentViewController.m */; };
		C9282AA71BA87A8800004863 /* XWPeopleViewController.m in Sources */ = {isa = PBXBuildFile; fileRef = C9282AA61BA87A8800004863 /* XWPeopleViewController.m */; };
		C9282AAA1BA87AA000004863 /* XWLifeViewController.m in Sources */ = {isa = PBXBuildFile; fileRef = C9282AA91BA87AA000004863 /* XWLifeViewController.m */; };
		C9282AAD1BAD130600004863 /* XWBottomBar.m in Sources */ = {isa = PBXBuildFile; fileRef = C9282AAC1BAD130600004863 /* XWBottomBar.m */; };
/* End PBXBuildFile section */

/* Begin PBXFileReference section */
		C9282A821BA8787900004863 /* 新闻.app */ = {isa = PBXFileReference; explicitFileType = wrapper.application; includeInIndex = 0; path = "新闻.app"; sourceTree = BUILT_PRODUCTS_DIR; };
		C9282A861BA8787900004863 /* main.m */ = {isa = PBXFileReference; lastKnownFileType = sourcecode.c.objc; path = main.m; sourceTree = "<group>"; };
		C9282A881BA8787900004863 /* AppDelegate.h */ = {isa = PBXFileReference; lastKnownFileType = sourcecode.c.h; path = AppDelegate.h; sourceTree = "<group>"; };
		C9282A891BA8787900004863 /* AppDelegate.m */ = {isa = PBXFileReference; lastKnownFileType = sourcecode.c.objc; path = AppDelegate.m; sourceTree = "<group>"; };
		C9282A8F1BA8787900004863 /* Base */ = {isa = PBXFileReference; lastKnownFileType = file.storyboard; name = Base; path = Base.lproj/Main.storyboard; sourceTree = "<group>"; };
		C9282A911BA8787900004863 /* Assets.xcassets */ = {isa = PBXFileReference; lastKnownFileType = folder.assetcatalog; path = Assets.xcassets; sourceTree = "<group>"; };
		C9282A941BA8787900004863 /* Base */ = {isa = PBXFileReference; lastKnownFileType = file.storyboard; name = Base; path = Base.lproj/LaunchScreen.storyboard; sourceTree = "<group>"; };
		C9282A961BA8787900004863 /* Info.plist */ = {isa = PBXFileReference; lastKnownFileType = text.plist.xml; path = Info.plist; sourceTree = "<group>"; };
		C9282A9C1BA879CB00004863 /* XWMainViewController.h */ = {isa = PBXFileReference; fileEncoding = 4; lastKnownFileType = sourcecode.c.h; path = XWMainViewController.h; sourceTree = "<group>"; };
		C9282A9D1BA879CB00004863 /* XWMainViewController.m */ = {isa = PBXFileReference; fileEncoding = 4; lastKnownFileType = sourcecode.c.objc; path = XWMainViewController.m; sourceTree = "<group>"; };
		C9282A9F1BA87A3100004863 /* XWToplineViewController.h */ = {isa = PBXFileReference; fileEncoding = 4; lastKnownFileType = sourcecode.c.h; path = XWToplineViewController.h; sourceTree = "<group>"; };
		C9282AA01BA87A3100004863 /* XWToplineViewController.m */ = {isa = PBXFileReference; fileEncoding = 4; lastKnownFileType = sourcecode.c.objc; path = XWToplineViewController.m; sourceTree = "<group>"; };
		C9282AA21BA87A5A00004863 /* XWCurrentViewController.h */ = {isa = PBXFileReference; fileEncoding = 4; lastKnownFileType = sourcecode.c.h; path = XWCurrentViewController.h; sourceTree = "<group>"; };
		C9282AA31BA87A5A00004863 /* XWCurrentViewController.m */ = {isa = PBXFileReference; fileEncoding = 4; lastKnownFileType = sourcecode.c.objc; path = XWCurrentViewController.m; sourceTree = "<group>"; };
		C9282AA51BA87A8800004863 /* XWPeopleViewController.h */ = {isa = PBXFileReference; fileEncoding = 4; lastKnownFileType = sourcecode.c.h; path = XWPeopleViewController.h; sourceTree = "<group>"; };
		C9282AA61BA87A8800004863 /* XWPeopleViewController.m */ = {isa = PBXFileReference; fileEncoding = 4; lastKnownFileType = sourcecode.c.objc; path = XWPeopleViewController.m; sourceTree = "<group>"; };
		C9282AA81BA87AA000004863 /* XWLifeViewController.h */ = {isa = PBXFileReference; fileEncoding = 4; lastKnownFileType = sourcecode.c.h; path = XWLifeViewController.h; sourceTree = "<group>"; };
		C9282AA91BA87AA000004863 /* XWLifeViewController.m */ = {isa = PBXFileReference; fileEncoding = 4; lastKnownFileType = sourcecode.c.objc; path = XWLifeViewController.m; sourceTree = "<group>"; };
		C9282AAB1BAD130600004863 /* XWBottomBar.h */ = {isa = PBXFileReference; fileEncoding = 4; lastKnownFileType = sourcecode.c.h; path = XWBottomBar.h; sourceTree = "<group>"; };
		C9282AAC1BAD130600004863 /* XWBottomBar.m */ = {isa = PBXFileReference; fileEncoding = 4; lastKnownFileType = sourcecode.c.objc; path = XWBottomBar.m; sourceTree = "<group>"; };
/* End PBXFileReference section */

/* Begin PBXFrameworksBuildPhase section */
		C9282A7F1BA8787900004863 /* Frameworks */ = {
			isa = PBXFrameworksBuildPhase;
			buildActionMask = 2147483647;
			files = (
			);
			runOnlyForDeploymentPostprocessing = 0;
		};
/* End PBXFrameworksBuildPhase section */

/* Begin PBXGroup section */
		C9282A791BA8787900004863 = {
			isa = PBXGroup;
			children = (
				C9282A841BA8787900004863 /* 新闻 */,
				C9282A831BA8787900004863 /* Products */,
			);
			sourceTree = "<group>";
		};
		C9282A831BA8787900004863 /* Products */ = {
			isa = PBXGroup;
			children = (
				C9282A821BA8787900004863 /* 新闻.app */,
			);
			name = Products;
			sourceTree = "<group>";
		};
		C9282A841BA8787900004863 /* 新闻 */ = {
			isa = PBXGroup;
			children = (
				C9282A881BA8787900004863 /* AppDelegate.h */,
				C9282A891BA8787900004863 /* AppDelegate.m */,
				C9282A9C1BA879CB00004863 /* XWMainViewController.h */,
				C9282A9D1BA879CB00004863 /* XWMainViewController.m */,
				C9282AAB1BAD130600004863 /* XWBottomBar.h */,
				C9282AAC1BAD130600004863 /* XWBottomBar.m */,
				C9282A9F1BA87A3100004863 /* XWToplineViewController.h */,
				C9282AA01BA87A3100004863 /* XWToplineViewController.m */,
				C9282AA21BA87A5A00004863 /* XWCurrentViewController.h */,
				C9282AA31BA87A5A00004863 /* XWCurrentViewController.m */,
				C9282AA51BA87A8800004863 /* XWPeopleViewController.h */,
				C9282AA61BA87A8800004863 /* XWPeopleViewController.m */,
				C9282AA81BA87AA000004863 /* XWLifeViewController.h */,
				C9282AA91BA87AA000004863 /* XWLifeViewController.m */,
				C9282A851BA8787900004863 /* Supporting Files */,
			);
			path = "新闻";
			sourceTree = "<group>";
		};
		C9282A851BA8787900004863 /* Supporting Files */ = {
			isa = PBXGroup;
			children = (
				C9282A8E1BA8787900004863 /* Main.storyboard */,
				C9282A911BA8787900004863 /* Assets.xcassets */,
				C9282A931BA8787900004863 /* LaunchScreen.storyboard */,
				C9282A961BA8787900004863 /* Info.plist */,
				C9282A861BA8787900004863 /* main.m */,
			);
			name = "Supporting Files";
			sourceTree = "<group>";
		};
/* End PBXGroup section */

/* Begin PBXNativeTarget section */
		C9282A811BA8787900004863 /* 新闻 */ = {
			isa = PBXNativeTarget;
			buildConfigurationList = C9282A991BA8787900004863 /* Build configuration list for PBXNativeTarget "新闻" */;
			buildPhases = (
				C9282A7E1BA8787900004863 /* Sources */,
				C9282A7F1BA8787900004863 /* Frameworks */,
				C9282A801BA8787900004863 /* Resources */,
			);
			buildRules = (
			);
			dependencies = (
			);
			name = "新闻";
			productName = "新闻";
			productReference = C9282A821BA8787900004863 /* 新闻.app */;
			productType = "com.apple.product-type.application";
		};
/* End PBXNativeTarget section */

/* Begin PBXProject section */
		C9282A7A1BA8787900004863 /* Project object */ = {
			isa = PBXProject;
			attributes = {
				CLASSPREFIX = XW;
				LastUpgradeCheck = 0700;
				ORGANIZATIONNAME = lw;
				TargetAttributes = {
					C9282A811BA8787900004863 = {
						CreatedOnToolsVersion = 7.0;
					};
				};
			};
			buildConfigurationList = C9282A7D1BA8787900004863 /* Build configuration list for PBXProject "新闻" */;
			compatibilityVersion = "Xcode 3.2";
			developmentRegion = English;
			hasScannedForEncodings = 0;
			knownRegions = (
				en,
				Base,
			);
			mainGroup = C9282A791BA8787900004863;
			productRefGroup = C9282A831BA8787900004863 /* Products */;
			projectDirPath = "";
			projectRoot = "";
			targets = (
				C9282A811BA8787900004863 /* 新闻 */,
			);
		};
/* End PBXProject section */

/* Begin PBXResourcesBuildPhase section */
		C9282A801BA8787900004863 /* Resources */ = {
			isa = PBXResourcesBuildPhase;
			buildActionMask = 2147483647;
			files = (
				C9282A951BA8787900004863 /* LaunchScreen.storyboard in Resources */,
				C9282A921BA8787900004863 /* Assets.xcassets in Resources */,
				C9282A901BA8787900004863 /* Main.storyboard in Resources */,
			);
			runOnlyForDeploymentPostprocessing = 0;
		};
/* End PBXResourcesBuildPhase section */

/* Begin PBXSourcesBuildPhase section */
		C9282A7E1BA8787900004863 /* Sources */ = {
			isa = PBXSourcesBuildPhase;
			buildActionMask = 2147483647;
			files = (
				C9282AA41BA87A5A00004863 /* XWCurrentViewController.m in Sources */,
				C9282AAD1BAD130600004863 /* XWBottomBar.m in Sources */,
				C9282A8A1BA8787900004863 /* AppDelegate.m in Sources */,
				C9282AA71BA87A8800004863 /* XWPeopleViewController.m in Sources */,
				C9282AA11BA87A3100004863 /* XWToplineViewController.m in Sources */,
				C9282AAA1BA87AA000004863 /* XWLifeViewController.m in Sources */,
				C9282A871BA8787900004863 /* main.m in Sources */,
				C9282A9E1BA879CB00004863 /* XWMainViewController.m in Sources */,
			);
			runOnlyForDeploymentPostprocessing = 0;
		};
/* End PBXSourcesBuildPhase section */

/* Begin PBXVariantGroup section */
		C9282A8E1BA8787900004863 /* Main.storyboard */ = {
			isa = PBXVariantGroup;
			children = (
				C9282A8F1BA8787900004863 /* Base */,
			);
			name = Main.storyboard;
			sourceTree = "<group>";
		};
		C9282A931BA8787900004863 /* LaunchScreen.storyboard */ = {
			isa = PBXVariantGroup;
			children = (
				C9282A941BA8787900004863 /* Base */,
			);
			name = LaunchScreen.storyboard;
			sourceTree = "<group>";
		};
/* End PBXVariantGroup section */

/* Begin XCBuildConfiguration section */
		C9282A971BA8787900004863 /* Debug */ = {
			isa = XCBuildConfiguration;
			buildSettings = {
				ALWAYS_SEARCH_USER_PATHS = NO;
				CLANG_CXX_LANGUAGE_STANDARD = "gnu++0x";
				CLANG_CXX_LIBRARY = "libc++";
				CLANG_ENABLE_MODULES = YES;
				CLANG_ENABLE_OBJC_ARC = YES;
				CLANG_WARN_BOOL_CONVERSION = YES;
				CLANG_WARN_CONSTANT_CONVERSION = YES;
				CLANG_WARN_DIRECT_OBJC_ISA_USAGE = YES_ERROR;
				CLANG_WARN_EMPTY_BODY = YES;
				CLANG_WARN_ENUM_CONVERSION = YES;
				CLANG_WARN_INT_CONVERSION = YES;
				CLANG_WARN_OBJC_ROOT_CLASS = YES_ERROR;
				CLANG_WARN_UNREACHABLE_CODE = YES;
				CLANG_WARN__DUPLICATE_METHOD_MATCH = YES;
				"CODE_SIGN_IDENTITY[sdk=iphoneos*]" = "iPhone Developer";
				COPY_PHASE_STRIP = NO;
				DEBUG_INFORMATION_FORMAT = dwarf;
				ENABLE_STRICT_OBJC_MSGSEND = YES;
				ENABLE_TESTABILITY = YES;
				GCC_C_LANGUAGE_STANDARD = gnu99;
				GCC_DYNAMIC_NO_PIC = NO;
				GCC_NO_COMMON_BLOCKS = YES;
				GCC_OPTIMIZATION_LEVEL = 0;
				GCC_PREPROCESSOR_DEFINITIONS = (
					"DEBUG=1",
					"$(inherited)",
				);
				GCC_WARN_64_TO_32_BIT_CONVERSION = YES;
				GCC_WARN_ABOUT_RETURN_TYPE = YES_ERROR;
				GCC_WARN_UNDECLARED_SELECTOR = YES;
				GCC_WARN_UNINITIALIZED_AUTOS = YES_AGGRESSIVE;
				GCC_WARN_UNUSED_FUNCTION = YES;
				GCC_WARN_UNUSED_VARIABLE = YES;
				IPHONEOS_DEPLOYMENT_TARGET = 9.0;
				MTL_ENABLE_DEBUG_INFO = YES;
				ONLY_ACTIVE_ARCH = YES;
				SDKROOT = iphoneos;
			};
			name = Debug;
		};
		C9282A981BA8787900004863 /* Release */ = {
			isa = XCBuildConfiguration;
			buildSettings = {
				ALWAYS_SEARCH_USER_PATHS = NO;
				CLANG_CXX_LANGUAGE_STANDARD = "gnu++0x";
				CLANG_CXX_LIBRARY = "libc++";
				CLANG_ENABLE_MODULES = YES;
				CLANG_ENABLE_OBJC_ARC = YES;
				CLANG_WARN_BOOL_CONVERSION = YES;
				CLANG_WARN_CONSTANT_CONVERSION = YES;
				CLANG_WARN_DIRECT_OBJC_ISA_USAGE = YES_ERROR;
				CLANG_WARN_EMPTY_BODY = YES;
				CLANG_WARN_ENUM_CONVERSION = YES;
				CLANG_WARN_INT_CONVERSION = YES;
				CLANG_WARN_OBJC_ROOT_CLASS = YES_ERROR;
				CLANG_WARN_UNREACHABLE_CODE = YES;
				CLANG_WARN__DUPLICATE_METHOD_MATCH = YES;
				"CODE_SIGN_IDENTITY[sdk=iphoneos*]" = "iPhone Developer";
				COPY_PHASE_STRIP = NO;
				DEBUG_INFORMATION_FORMAT = "dwarf-with-dsym";
				ENABLE_NS_ASSERTIONS = NO;
				ENABLE_STRICT_OBJC_MSGSEND = YES;
				GCC_C_LANGUAGE_STANDARD = gnu99;
				GCC_NO_COMMON_BLOCKS = YES;
				GCC_WARN_64_TO_32_BIT_CONVERSION = YES;
				GCC_WARN_ABOUT_RETURN_TYPE = YES_ERROR;
				GCC_WARN_UNDECLARED_SELECTOR = YES;
				GCC_WARN_UNINITIALIZED_AUTOS = YES_AGGRESSIVE;
				GCC_WARN_UNUSED_FUNCTION = YES;
				GCC_WARN_UNUSED_VARIABLE = YES;
				IPHONEOS_DEPLOYMENT_TARGET = 9.0;
				MTL_ENABLE_DEBUG_INFO = NO;
				SDKROOT = iphoneos;
				VALIDATE_PRODUCT = YES;
			};
			name = Release;
		};
		C9282A9A1BA8787900004863 /* Debug */ = {
			isa = XCBuildConfiguration;
			buildSettings = {
				ASSETCATALOG_COMPILER_APPICON_NAME = AppIcon;
				INFOPLIST_FILE = "新闻/Info.plist";
				LD_RUNPATH_SEARCH_PATHS = "$(inherited) @executable_path/Frameworks";
				PRODUCT_BUNDLE_IDENTIFIER = "com.lw.--";
				PRODUCT_NAME = "$(TARGET_NAME)";
			};
			name = Debug;
		};
		C9282A9B1BA8787900004863 /* Release */ = {
			isa = XCBuildConfiguration;
			buildSettings = {
				ASSETCATALOG_COMPILER_APPICON_NAME = AppIcon;
				INFOPLIST_FILE = "新闻/Info.plist";
				LD_RUNPATH_SEARCH_PATHS = "$(inherited) @executable_path/Frameworks";
				PRODUCT_BUNDLE_IDENTIFIER = "com.lw.--";
				PRODUCT_NAME = "$(TARGET_NAME)";
			};
			name = Release;
		};
/* End XCBuildConfiguration section */

/* Begin XCConfigurationList section */
		C9282A7D1BA8787900004863 /* Build configuration list for PBXProject "新闻" */ = {
			isa = XCConfigurationList;
			buildConfigurations = (
				C9282A971BA8787900004863 /* Debug */,
				C9282A981BA8787900004863 /* Release */,
			);
			defaultConfigurationIsVisible = 0;
			defaultConfigurationName = Release;
		};
		C9282A991BA8787900004863 /* Build configuration list for PBXNativeTarget "新闻" */ = {
			isa = XCConfigurationList;
			buildConfigurations = (
				C9282A9A1BA8787900004863 /* Debug */,
				C9282A9B1BA8787900004863 /* Release */,
			);
			defaultConfigurationIsVisible = 0;
			defaultConfigurationName = Release;
		};
/* End XCConfigurationList section */
	};
	rootObject = C9282A7A1BA8787900004863 /* Project object */;
}
