// !$*UTF8*$!
{
	archiveVersion = 1;
	classes = {
	};
	objectVersion = 48;
	objects = {

/* Begin PBXBuildFile section */
		9B8F2F5B20B6D0460075A474 /* Tips.m in Sources */ = {isa = PBXBuildFile; fileRef = 9B8F2F5A20B6D0460075A474 /* Tips.m */; };
		9B8F2F6220B6D5B50075A474 /* SortHelper.cpp in Sources */ = {isa = PBXBuildFile; fileRef = 9B8F2F6020B6D5B50075A474 /* SortHelper.cpp */; };
		9BA4FC0A20946F5300157100 /* Father.m in Sources */ = {isa = PBXBuildFile; fileRef = 9BA4FC0920946F5300157100 /* Father.m */; };
		9BA4FC0D20946F6700157100 /* Son.m in Sources */ = {isa = PBXBuildFile; fileRef = 9BA4FC0C20946F6700157100 /* Son.m */; };
		C9D602BC2050300F00B306EF /* main.mm in Sources */ = {isa = PBXBuildFile; fileRef = C9D602BB2050300F00B306EF /* main.mm */; };
		C9D602C4205034F900B306EF /* OrderDemo.m in Sources */ = {isa = PBXBuildFile; fileRef = C9D602C3205034F900B306EF /* OrderDemo.m */; };
/* End PBXBuildFile section */

/* Begin PBXCopyFilesBuildPhase section */
		C9D602B62050300F00B306EF /* CopyFiles */ = {
			isa = PBXCopyFilesBuildPhase;
			buildActionMask = 2147483647;
			dstPath = /usr/share/man/man1/;
			dstSubfolderSpec = 0;
			files = (
			);
			runOnlyForDeploymentPostprocessing = 1;
		};
/* End PBXCopyFilesBuildPhase section */

/* Begin PBXFileReference section */
		9B8F2F5920B6D0460075A474 /* Tips.h */ = {isa = PBXFileReference; lastKnownFileType = sourcecode.c.h; path = Tips.h; sourceTree = "<group>"; };
		9B8F2F5A20B6D0460075A474 /* Tips.m */ = {isa = PBXFileReference; lastKnownFileType = sourcecode.c.objc; path = Tips.m; sourceTree = "<group>"; };
		9B8F2F6020B6D5B50075A474 /* SortHelper.cpp */ = {isa = PBXFileReference; lastKnownFileType = sourcecode.cpp.cpp; path = SortHelper.cpp; sourceTree = "<group>"; };
		9B8F2F6120B6D5B50075A474 /* SortHelper.hpp */ = {isa = PBXFileReference; lastKnownFileType = sourcecode.cpp.h; path = SortHelper.hpp; sourceTree = "<group>"; };
		9BA4FC0820946F5300157100 /* Father.h */ = {isa = PBXFileReference; lastKnownFileType = sourcecode.c.h; path = Father.h; sourceTree = "<group>"; };
		9BA4FC0920946F5300157100 /* Father.m */ = {isa = PBXFileReference; lastKnownFileType = sourcecode.c.objc; path = Father.m; sourceTree = "<group>"; };
		9BA4FC0B20946F6700157100 /* Son.h */ = {isa = PBXFileReference; lastKnownFileType = sourcecode.c.h; path = Son.h; sourceTree = "<group>"; };
		9BA4FC0C20946F6700157100 /* Son.m */ = {isa = PBXFileReference; lastKnownFileType = sourcecode.c.objc; path = Son.m; sourceTree = "<group>"; };
		C9D602B82050300F00B306EF /* foundation */ = {isa = PBXFileReference; explicitFileType = "compiled.mach-o.executable"; includeInIndex = 0; path = foundation; sourceTree = BUILT_PRODUCTS_DIR; };
		C9D602BB2050300F00B306EF /* main.mm */ = {isa = PBXFileReference; lastKnownFileType = sourcecode.cpp.objcpp; path = main.mm; sourceTree = "<group>"; };
		C9D602C2205034F900B306EF /* OrderDemo.h */ = {isa = PBXFileReference; lastKnownFileType = sourcecode.c.h; path = OrderDemo.h; sourceTree = "<group>"; };
		C9D602C3205034F900B306EF /* OrderDemo.m */ = {isa = PBXFileReference; lastKnownFileType = sourcecode.c.objc; path = OrderDemo.m; sourceTree = "<group>"; };
/* End PBXFileReference section */

/* Begin PBXFrameworksBuildPhase section */
		C9D602B52050300F00B306EF /* Frameworks */ = {
			isa = PBXFrameworksBuildPhase;
			buildActionMask = 2147483647;
			files = (
			);
			runOnlyForDeploymentPostprocessing = 0;
		};
/* End PBXFrameworksBuildPhase section */

/* Begin PBXGroup section */
		9B8F2F5420B6C8AA0075A474 /* c++ */ = {
			isa = PBXGroup;
			children = (
				9B8F2F6020B6D5B50075A474 /* SortHelper.cpp */,
				9B8F2F6120B6D5B50075A474 /* SortHelper.hpp */,
			);
			path = "c++";
			sourceTree = "<group>";
		};
		9B8F2F5820B6D0270075A474 /* ocTips */ = {
			isa = PBXGroup;
			children = (
				9B8F2F5C20B6D0D00075A474 /* tip1 */,
				C9D602C2205034F900B306EF /* OrderDemo.h */,
				C9D602C3205034F900B306EF /* OrderDemo.m */,
				9B8F2F5920B6D0460075A474 /* Tips.h */,
				9B8F2F5A20B6D0460075A474 /* Tips.m */,
			);
			path = ocTips;
			sourceTree = "<group>";
		};
		9B8F2F5C20B6D0D00075A474 /* tip1 */ = {
			isa = PBXGroup;
			children = (
				9BA4FC0820946F5300157100 /* Father.h */,
				9BA4FC0920946F5300157100 /* Father.m */,
				9BA4FC0B20946F6700157100 /* Son.h */,
				9BA4FC0C20946F6700157100 /* Son.m */,
			);
			path = tip1;
			sourceTree = "<group>";
		};
		C9D602AF2050300F00B306EF = {
			isa = PBXGroup;
			children = (
				C9D602BA2050300F00B306EF /* foundation */,
				C9D602B92050300F00B306EF /* Products */,
			);
			sourceTree = "<group>";
		};
		C9D602B92050300F00B306EF /* Products */ = {
			isa = PBXGroup;
			children = (
				C9D602B82050300F00B306EF /* foundation */,
			);
			name = Products;
			sourceTree = "<group>";
		};
		C9D602BA2050300F00B306EF /* foundation */ = {
			isa = PBXGroup;
			children = (
				9B8F2F5820B6D0270075A474 /* ocTips */,
				9B8F2F5420B6C8AA0075A474 /* c++ */,
				C9D602BB2050300F00B306EF /* main.mm */,
			);
			path = foundation;
			sourceTree = "<group>";
		};
/* End PBXGroup section */

/* Begin PBXNativeTarget section */
		C9D602B72050300F00B306EF /* foundation */ = {
			isa = PBXNativeTarget;
			buildConfigurationList = C9D602BF2050300F00B306EF /* Build configuration list for PBXNativeTarget "foundation" */;
			buildPhases = (
				C9D602B42050300F00B306EF /* Sources */,
				C9D602B52050300F00B306EF /* Frameworks */,
				C9D602B62050300F00B306EF /* CopyFiles */,
			);
			buildRules = (
			);
			dependencies = (
			);
			name = foundation;
			productName = foundation;
			productReference = C9D602B82050300F00B306EF /* foundation */;
			productType = "com.apple.product-type.tool";
		};
/* End PBXNativeTarget section */

/* Begin PBXProject section */
		C9D602B02050300F00B306EF /* Project object */ = {
			isa = PBXProject;
			attributes = {
				LastUpgradeCheck = 0910;
				ORGANIZATIONNAME = lee;
				TargetAttributes = {
					C9D602B72050300F00B306EF = {
						CreatedOnToolsVersion = 9.1;
						ProvisioningStyle = Automatic;
					};
				};
			};
			buildConfigurationList = C9D602B32050300F00B306EF /* Build configuration list for PBXProject "foundation" */;
			compatibilityVersion = "Xcode 8.0";
			developmentRegion = en;
			hasScannedForEncodings = 0;
			knownRegions = (
				en,
			);
			mainGroup = C9D602AF2050300F00B306EF;
			productRefGroup = C9D602B92050300F00B306EF /* Products */;
			projectDirPath = "";
			projectRoot = "";
			targets = (
				C9D602B72050300F00B306EF /* foundation */,
			);
		};
/* End PBXProject section */

/* Begin PBXSourcesBuildPhase section */
		C9D602B42050300F00B306EF /* Sources */ = {
			isa = PBXSourcesBuildPhase;
			buildActionMask = 2147483647;
			files = (
				9BA4FC0D20946F6700157100 /* Son.m in Sources */,
				9B8F2F6220B6D5B50075A474 /* SortHelper.cpp in Sources */,
				C9D602BC2050300F00B306EF /* main.mm in Sources */,
				9B8F2F5B20B6D0460075A474 /* Tips.m in Sources */,
				9BA4FC0A20946F5300157100 /* Father.m in Sources */,
				C9D602C4205034F900B306EF /* OrderDemo.m in Sources */,
			);
			runOnlyForDeploymentPostprocessing = 0;
		};
/* End PBXSourcesBuildPhase section */

/* Begin XCBuildConfiguration section */
		C9D602BD2050300F00B306EF /* Debug */ = {
			isa = XCBuildConfiguration;
			buildSettings = {
				ALWAYS_SEARCH_USER_PATHS = NO;
				CLANG_ANALYZER_NONNULL = YES;
				CLANG_ANALYZER_NUMBER_OBJECT_CONVERSION = YES_AGGRESSIVE;
				CLANG_CXX_LANGUAGE_STANDARD = "gnu++14";
				CLANG_CXX_LIBRARY = "libc++";
				CLANG_ENABLE_MODULES = YES;
				CLANG_ENABLE_OBJC_ARC = YES;
				CLANG_WARN_BLOCK_CAPTURE_AUTORELEASING = YES;
				CLANG_WARN_BOOL_CONVERSION = YES;
				CLANG_WARN_COMMA = YES;
				CLANG_WARN_CONSTANT_CONVERSION = YES;
				CLANG_WARN_DIRECT_OBJC_ISA_USAGE = YES_ERROR;
				CLANG_WARN_DOCUMENTATION_COMMENTS = YES;
				CLANG_WARN_EMPTY_BODY = YES;
				CLANG_WARN_ENUM_CONVERSION = YES;
				CLANG_WARN_INFINITE_RECURSION = YES;
				CLANG_WARN_INT_CONVERSION = YES;
				CLANG_WARN_NON_LITERAL_NULL_CONVERSION = YES;
				CLANG_WARN_OBJC_LITERAL_CONVERSION = YES;
				CLANG_WARN_OBJC_ROOT_CLASS = YES_ERROR;
				CLANG_WARN_RANGE_LOOP_ANALYSIS = YES;
				CLANG_WARN_STRICT_PROTOTYPES = YES;
				CLANG_WARN_SUSPICIOUS_MOVE = YES;
				CLANG_WARN_UNGUARDED_AVAILABILITY = YES_AGGRESSIVE;
				CLANG_WARN_UNREACHABLE_CODE = YES;
				CLANG_WARN__DUPLICATE_METHOD_MATCH = YES;
				CODE_SIGN_IDENTITY = "-";
				COPY_PHASE_STRIP = NO;
				DEBUG_INFORMATION_FORMAT = dwarf;
				ENABLE_STRICT_OBJC_MSGSEND = YES;
				ENABLE_TESTABILITY = YES;
				GCC_C_LANGUAGE_STANDARD = gnu11;
				GCC_DYNAMIC_NO_PIC = NO;
				GCC_NO_COMMON_BLOCKS = YES;
				GCC_OPTIMIZATION_LEVEL = 0;
				GCC_PREPROCESSOR_DEFINITIONS = (
					"DEBUG=1",
					"$(inherited)",
				);
				GCC_WARN_64_TO_32_BIT_CONVERSION = YES;
				GCC_WARN_ABOUT_RETURN_TYPE = YES_ERROR;
				GCC_WARN_UNDECLARED_SELECTOR = YES;
				GCC_WARN_UNINITIALIZED_AUTOS = YES_AGGRESSIVE;
				GCC_WARN_UNUSED_FUNCTION = YES;
				GCC_WARN_UNUSED_VARIABLE = YES;
				MACOSX_DEPLOYMENT_TARGET = 10.12;
				MTL_ENABLE_DEBUG_INFO = YES;
				ONLY_ACTIVE_ARCH = YES;
				SDKROOT = macosx;
			};
			name = Debug;
		};
		C9D602BE2050300F00B306EF /* Release */ = {
			isa = XCBuildConfiguration;
			buildSettings = {
				ALWAYS_SEARCH_USER_PATHS = NO;
				CLANG_ANALYZER_NONNULL = YES;
				CLANG_ANALYZER_NUMBER_OBJECT_CONVERSION = YES_AGGRESSIVE;
				CLANG_CXX_LANGUAGE_STANDARD = "gnu++14";
				CLANG_CXX_LIBRARY = "libc++";
				CLANG_ENABLE_MODULES = YES;
				CLANG_ENABLE_OBJC_ARC = YES;
				CLANG_WARN_BLOCK_CAPTURE_AUTORELEASING = YES;
				CLANG_WARN_BOOL_CONVERSION = YES;
				CLANG_WARN_COMMA = YES;
				CLANG_WARN_CONSTANT_CONVERSION = YES;
				CLANG_WARN_DIRECT_OBJC_ISA_USAGE = YES_ERROR;
				CLANG_WARN_DOCUMENTATION_COMMENTS = YES;
				CLANG_WARN_EMPTY_BODY = YES;
				CLANG_WARN_ENUM_CONVERSION = YES;
				CLANG_WARN_INFINITE_RECURSION = YES;
				CLANG_WARN_INT_CONVERSION = YES;
				CLANG_WARN_NON_LITERAL_NULL_CONVERSION = YES;
				CLANG_WARN_OBJC_LITERAL_CONVERSION = YES;
				CLANG_WARN_OBJC_ROOT_CLASS = YES_ERROR;
				CLANG_WARN_RANGE_LOOP_ANALYSIS = YES;
				CLANG_WARN_STRICT_PROTOTYPES = YES;
				CLANG_WARN_SUSPICIOUS_MOVE = YES;
				CLANG_WARN_UNGUARDED_AVAILABILITY = YES_AGGRESSIVE;
				CLANG_WARN_UNREACHABLE_CODE = YES;
				CLANG_WARN__DUPLICATE_METHOD_MATCH = YES;
				CODE_SIGN_IDENTITY = "-";
				COPY_PHASE_STRIP = NO;
				DEBUG_INFORMATION_FORMAT = "dwarf-with-dsym";
				ENABLE_NS_ASSERTIONS = NO;
				ENABLE_STRICT_OBJC_MSGSEND = YES;
				GCC_C_LANGUAGE_STANDARD = gnu11;
				GCC_INPUT_FILETYPE = sourcecode.cpp.objcpp;
				GCC_NO_COMMON_BLOCKS = YES;
				GCC_WARN_64_TO_32_BIT_CONVERSION = YES;
				GCC_WARN_ABOUT_RETURN_TYPE = YES_ERROR;
				GCC_WARN_UNDECLARED_SELECTOR = YES;
				GCC_WARN_UNINITIALIZED_AUTOS = YES_AGGRESSIVE;
				GCC_WARN_UNUSED_FUNCTION = YES;
				GCC_WARN_UNUSED_VARIABLE = YES;
				MACOSX_DEPLOYMENT_TARGET = 10.12;
				MTL_ENABLE_DEBUG_INFO = NO;
				SDKROOT = macosx;
			};
			name = Release;
		};
		C9D602C02050300F00B306EF /* Debug */ = {
			isa = XCBuildConfiguration;
			buildSettings = {
				CODE_SIGN_STYLE = Automatic;
				PRODUCT_NAME = "$(TARGET_NAME)";
			};
			name = Debug;
		};
		C9D602C12050300F00B306EF /* Release */ = {
			isa = XCBuildConfiguration;
			buildSettings = {
				CODE_SIGN_STYLE = Automatic;
				PRODUCT_NAME = "$(TARGET_NAME)";
			};
			name = Release;
		};
/* End XCBuildConfiguration section */

/* Begin XCConfigurationList section */
		C9D602B32050300F00B306EF /* Build configuration list for PBXProject "foundation" */ = {
			isa = XCConfigurationList;
			buildConfigurations = (
				C9D602BD2050300F00B306EF /* Debug */,
				C9D602BE2050300F00B306EF /* Release */,
			);
			defaultConfigurationIsVisible = 0;
			defaultConfigurationName = Release;
		};
		C9D602BF2050300F00B306EF /* Build configuration list for PBXNativeTarget "foundation" */ = {
			isa = XCConfigurationList;
			buildConfigurations = (
				C9D602C02050300F00B306EF /* Debug */,
				C9D602C12050300F00B306EF /* Release */,
			);
			defaultConfigurationIsVisible = 0;
			defaultConfigurationName = Release;
		};
/* End XCConfigurationList section */
	};
	rootObject = C9D602B02050300F00B306EF /* Project object */;
}
